<?xml version="1.0" encoding="UTF-8" standalone="yes" ?>
<CodeBlocks_project_file>
	<FileVersion major="1" minor="6" />
	<Project>
		<Option title="Shape" />
		<Option pch_mode="2" />
		<Option compiler="gcc" />
		<Build>
			<Target title="Debug">
				<Option output="bin/Debug/Shape" prefix_auto="1" extension_auto="1" />
				<Option object_output="obj/Debug/" />
				<Option type="1" />
				<Option compiler="gcc" />
				<Compiler>
					<Add option="-g" />
					<Add directory="include" />
				</Compiler>
				<Linker>
					<Add library="../cppunitlite/libCppUnitLite.a" />
				</Linker>
			</Target>
			<Target title="Release">
				<Option output="bin/Release/Shape" prefix_auto="1" extension_auto="1" />
				<Option object_output="obj/Release/" />
				<Option type="1" />
				<Option compiler="gcc" />
				<Compiler>
					<Add option="-O2" />
					<Add directory="include" />
				</Compiler>
				<Linker>
					<Add option="-s" />
				</Linker>
			</Target>
			<Target title="test_Debug">
				<Option output="bin/Debug/Shape" prefix_auto="1" extension_auto="1" />
				<Option object_output="obj/Debug/" />
				<Option type="1" />
				<Option compiler="gcc" />
				<Compiler>
					<Add option="-g" />
					<Add directory="include" />
				</Compiler>
				<Linker>
					<Add library="../cppunitlite/libCppUnitLite.a" />
				</Linker>
			</Target>
			<Target title="test_Release">
				<Option output="bin/Release/Shape" prefix_auto="1" extension_auto="1" />
				<Option object_output="obj/Release/" />
				<Option type="1" />
				<Option compiler="gcc" />
				<Compiler>
					<Add option="-O2" />
					<Add directory="include" />
				</Compiler>
				<Linker>
					<Add option="-s" />
				</Linker>
			</Target>
		</Build>
		<Compiler>
			<Add option="-Wall" />
			<Add option="-fexceptions" />
		</Compiler>
		<Unit filename="UnitCommand.h">
			<Option compile="1" />
			<Option target="test_Debug" />
			<Option target="test_Release" />
		</Unit>
		<Unit filename="UnitMedia.h">
			<Option compile="1" />
			<Option target="test_Debug" />
			<Option target="test_Release" />
		</Unit>
		<Unit filename="UnitShapes.h">
			<Option compile="1" />
			<Option target="test_Debug" />
			<Option target="test_Release" />
		</Unit>
		<Unit filename="include/AddCommand.h">
			<Option compile="1" />
		</Unit>
		<Unit filename="include/AreaVisitor.h">
			<Option compile="1" />
		</Unit>
		<Unit filename="include/Builders.h">
			<Option compile="1" />
		</Unit>
		<Unit filename="include/Circle.h">
			<Option compile="1" />
		</Unit>
		<Unit filename="include/ComboMedia.h">
			<Option compile="1" />
		</Unit>
		<Unit filename="include/ComboMediaBuilder.h">
			<Option compile="1" />
		</Unit>
		<Unit filename="include/Command.h">
			<Option compile="1" />
		</Unit>
		<Unit filename="include/CommandManager.h">
			<Option compile="1" />
		</Unit>
		<Unit filename="include/Commands.h" />
		<Unit filename="include/Compute.h">
			<Option compile="1" />
		</Unit>
		<Unit filename="include/DefineCommand.h">
			<Option compile="1" />
		</Unit>
		<Unit filename="include/DeleteCommand.h">
			<Option compile="1" />
		</Unit>
		<Unit filename="include/DescriptionVisitor.h">
			<Option compile="1" />
		</Unit>
		<Unit filename="include/Document.h">
			<Option compile="1" />
		</Unit>
		<Unit filename="include/Media.h">
			<Option compile="1" />
		</Unit>
		<Unit filename="include/MediaBuilder.h">
			<Option compile="1" />
		</Unit>
		<Unit filename="include/MediaDirector.h">
			<Option compile="1" />
		</Unit>
		<Unit filename="include/MediaVisitor.h">
			<Option compile="1" />
		</Unit>
		<Unit filename="include/Medias.h" />
		<Unit filename="include/MyDocument.h">
			<Option compile="1" />
		</Unit>
		<Unit filename="include/NameVisitor.h">
			<Option compile="1" />
		</Unit>
		<Unit filename="include/PerimeterVisitor.h">
			<Option compile="1" />
		</Unit>
		<Unit filename="include/Rectangle.h">
			<Option compile="1" />
		</Unit>
		<Unit filename="include/Shape.h">
			<Option compile="1" />
		</Unit>
		<Unit filename="include/ShapeMedia.h">
			<Option compile="1" />
		</Unit>
		<Unit filename="include/ShapeMediaBuilder.h">
			<Option compile="1" />
		</Unit>
		<Unit filename="include/Shapes.h" />
		<Unit filename="include/Text.h">
			<Option compile="1" />
		</Unit>
		<Unit filename="include/TextMedia.h">
			<Option compile="1" />
		</Unit>
		<Unit filename="include/TextUI.h">
			<Option compile="1" />
		</Unit>
		<Unit filename="include/Triangle.h">
			<Option compile="1" />
		</Unit>
		<Unit filename="include/Visitors.h" />
		<Unit filename="main.cpp">
			<Option target="Debug" />
			<Option target="Release" />
		</Unit>
		<Unit filename="myShape.txt" />
		<Unit filename="myShapes.txt" />
		<Unit filename="src/AddCommand.cpp" />
		<Unit filename="src/AreaVisitor.cpp" />
		<Unit filename="src/Circle.cpp" />
		<Unit filename="src/ComboMedia.cpp" />
		<Unit filename="src/ComboMediaBuilder.cpp" />
		<Unit filename="src/Command.cpp" />
		<Unit filename="src/CommandManager.cpp" />
		<Unit filename="src/Compute.cpp" />
		<Unit filename="src/DefineCommand.cpp" />
		<Unit filename="src/DeleteCommand.cpp" />
		<Unit filename="src/DescriptionVisitor.cpp" />
		<Unit filename="src/Document.cpp" />
		<Unit filename="src/Media.cpp" />
		<Unit filename="src/MediaBuilder.cpp" />
		<Unit filename="src/MediaDirector.cpp" />
		<Unit filename="src/MediaVisitor.cpp" />
		<Unit filename="src/MyDocument.cpp" />
		<Unit filename="src/NameVisitor.cpp" />
		<Unit filename="src/PerimeterVisitor.cpp" />
		<Unit filename="src/Rectangle.cpp" />
		<Unit filename="src/Shape.cpp" />
		<Unit filename="src/ShapeMedia.cpp" />
		<Unit filename="src/ShapeMediaBuilder.cpp" />
		<Unit filename="src/Text.cpp" />
		<Unit filename="src/TextMedia.cpp" />
		<Unit filename="src/TextUI.cpp" />
		<Unit filename="src/Triangle.cpp" />
		<Unit filename="test_main.cpp">
			<Option target="test_Debug" />
			<Option target="test_Release" />
		</Unit>
		<Extensions>
			<code_completion />
			<envvars />
			<debugger />
			<lib_finder disable_auto="1" />
		</Extensions>
	</Project>
</CodeBlocks_project_file>
